
Microsoft Visual Studio Solution File, Format Version 12.00
# Visual Studio 15
VisualStudioVersion = 15.0.28010.2036
MinimumVisualStudioVersion = 10.0.40219.1
Project("{FAE04EC0-301F-11D3-BF4B-00C04F79EFBC}") = "GrandCircusLab5", "GrandCircusLab5\GrandCircusLab5.csproj", "{655032A3-6546-4F0A-86E5-568DD99250E7}"
EndProject
Global
	GlobalSection(SolutionConfigurationPlatforms) = preSolution
		Debug|Any CPU = Debug|Any CPU
		Release|Any CPU = Release|Any CPU
	EndGlobalSection
	GlobalSection(ProjectConfigurationPlatforms) = postSolution
		{655032A3-6546-4F0A-86E5-568DD99250E7}.Debug|Any CPU.ActiveCfg = Debug|Any CPU
		{655032A3-6546-4F0A-86E5-568DD99250E7}.Debug|Any CPU.Build.0 = Debug|Any CPU
		{655032A3-6546-4F0A-86E5-568DD99250E7}.Release|Any CPU.ActiveCfg = Release|Any CPU
		{655032A3-6546-4F0A-86E5-568DD99250E7}.Release|Any CPU.Build.0 = Release|Any CPU
	EndGlobalSection
	GlobalSection(SolutionProperties) = preSolution
		HideSolutionNode = FALSE
	EndGlobalSection
	GlobalSection(ExtensibilityGlobals) = postSolution
		SolutionGuid = {4303620E-08C1-4112-B9CB-8F6B0BEFC5A3}
	EndGlobalSection
EndGlobal
